
Microsoft Visual Studio Solution File, Format Version 12.00
# Visual Studio 15
VisualStudioVersion = 15.0.27130.2024
MinimumVisualStudioVersion = 10.0.40219.1
Project("{FAE04EC0-301F-11D3-BF4B-00C04F79EFBC}") = "RiverKeeperDAL", "RiverKeeperDAL\RiverKeeperDAL.csproj", "{938A4656-0D25-43DA-96B1-82CFD2735F1B}"
EndProject
Project("{FAE04EC0-301F-11D3-BF4B-00C04F79EFBC}") = "RiverKeeperTasks", "RiverKeeperTasks\RiverKeeperTasks.csproj", "{FDF3F27A-673C-4316-B0E6-B878160C8DB7}"
EndProject
Project("{FAE04EC0-301F-11D3-BF4B-00C04F79EFBC}") = "RiverKeeperDO", "RiverKeeperDO\RiverKeeperDO.csproj", "{52631144-992B-4707-9C33-3461A16668DA}"
EndProject
Project("{FAE04EC0-301F-11D3-BF4B-00C04F79EFBC}") = "rkTest", "rkTest\rkTest.csproj", "{742858C0-53AB-40D6-8412-DEE0B2503782}"
EndProject
Project("{FAE04EC0-301F-11D3-BF4B-00C04F79EFBC}") = "RiverKeeperAPI", "RiverKeeperAPI\RiverKeeperAPI.csproj", "{5696C971-739B-49A0-8B78-31E3E99D98E6}"
EndProject
Global
	GlobalSection(SolutionConfigurationPlatforms) = preSolution
		Debug|Any CPU = Debug|Any CPU
		Release|Any CPU = Release|Any CPU
	EndGlobalSection
	GlobalSection(ProjectConfigurationPlatforms) = postSolution
		{938A4656-0D25-43DA-96B1-82CFD2735F1B}.Debug|Any CPU.ActiveCfg = Debug|Any CPU
		{938A4656-0D25-43DA-96B1-82CFD2735F1B}.Debug|Any CPU.Build.0 = Debug|Any CPU
		{938A4656-0D25-43DA-96B1-82CFD2735F1B}.Release|Any CPU.ActiveCfg = Release|Any CPU
		{938A4656-0D25-43DA-96B1-82CFD2735F1B}.Release|Any CPU.Build.0 = Release|Any CPU
		{FDF3F27A-673C-4316-B0E6-B878160C8DB7}.Debug|Any CPU.ActiveCfg = Debug|Any CPU
		{FDF3F27A-673C-4316-B0E6-B878160C8DB7}.Debug|Any CPU.Build.0 = Debug|Any CPU
		{FDF3F27A-673C-4316-B0E6-B878160C8DB7}.Release|Any CPU.ActiveCfg = Release|Any CPU
		{FDF3F27A-673C-4316-B0E6-B878160C8DB7}.Release|Any CPU.Build.0 = Release|Any CPU
		{52631144-992B-4707-9C33-3461A16668DA}.Debug|Any CPU.ActiveCfg = Debug|Any CPU
		{52631144-992B-4707-9C33-3461A16668DA}.Debug|Any CPU.Build.0 = Debug|Any CPU
		{52631144-992B-4707-9C33-3461A16668DA}.Release|Any CPU.ActiveCfg = Release|Any CPU
		{52631144-992B-4707-9C33-3461A16668DA}.Release|Any CPU.Build.0 = Release|Any CPU
		{742858C0-53AB-40D6-8412-DEE0B2503782}.Debug|Any CPU.ActiveCfg = Debug|Any CPU
		{742858C0-53AB-40D6-8412-DEE0B2503782}.Debug|Any CPU.Build.0 = Debug|Any CPU
		{742858C0-53AB-40D6-8412-DEE0B2503782}.Release|Any CPU.ActiveCfg = Release|Any CPU
		{742858C0-53AB-40D6-8412-DEE0B2503782}.Release|Any CPU.Build.0 = Release|Any CPU
		{5696C971-739B-49A0-8B78-31E3E99D98E6}.Debug|Any CPU.ActiveCfg = Debug|Any CPU
		{5696C971-739B-49A0-8B78-31E3E99D98E6}.Debug|Any CPU.Build.0 = Debug|Any CPU
		{5696C971-739B-49A0-8B78-31E3E99D98E6}.Release|Any CPU.ActiveCfg = Release|Any CPU
		{5696C971-739B-49A0-8B78-31E3E99D98E6}.Release|Any CPU.Build.0 = Release|Any CPU
	EndGlobalSection
	GlobalSection(SolutionProperties) = preSolution
		HideSolutionNode = FALSE
	EndGlobalSection
	GlobalSection(ExtensibilityGlobals) = postSolution
		SolutionGuid = {892E4E96-E33F-4B98-A3B5-5FCA9D31ED5C}
	EndGlobalSection
EndGlobal
